// !$*UTF8*$!
{
	archiveVersion = 1;
	classes = {
	};
	objectVersion = 46;
	objects = {

/* Begin PBXBuildFile section */
		551465881FA28A2900A154F0 /* AppDelegate.swift in Sources */ = {isa = PBXBuildFile; fileRef = 551465871FA28A2900A154F0 /* AppDelegate.swift */; };
		5514658A1FA28A2900A154F0 /* ViewController.swift in Sources */ = {isa = PBXBuildFile; fileRef = 551465891FA28A2900A154F0 /* ViewController.swift */; };
		5514658D1FA28A2900A154F0 /* Main.storyboard in Resources */ = {isa = PBXBuildFile; fileRef = 5514658B1FA28A2900A154F0 /* Main.storyboard */; };
		5514658F1FA28A2900A154F0 /* Assets.xcassets in Resources */ = {isa = PBXBuildFile; fileRef = 5514658E1FA28A2900A154F0 /* Assets.xcassets */; };
		551465921FA28A2900A154F0 /* LaunchScreen.storyboard in Resources */ = {isa = PBXBuildFile; fileRef = 551465901FA28A2900A154F0 /* LaunchScreen.storyboard */; };
/* End PBXBuildFile section */

/* Begin PBXFileReference section */
		551465841FA28A2900A154F0 /* freezeapp.app */ = {isa = PBXFileReference; explicitFileType = wrapper.application; includeInIndex = 0; path = freezeapp.app; sourceTree = BUILT_PRODUCTS_DIR; };
		551465871FA28A2900A154F0 /* AppDelegate.swift */ = {isa = PBXFileReference; lastKnownFileType = sourcecode.swift; path = AppDelegate.swift; sourceTree = "<group>"; };
		551465891FA28A2900A154F0 /* ViewController.swift */ = {isa = PBXFileReference; lastKnownFileType = sourcecode.swift; path = ViewController.swift; sourceTree = "<group>"; };
		5514658C1FA28A2900A154F0 /* Base */ = {isa = PBXFileReference; lastKnownFileType = file.storyboard; name = Base; path = Base.lproj/Main.storyboard; sourceTree = "<group>"; };
		5514658E1FA28A2900A154F0 /* Assets.xcassets */ = {isa = PBXFileReference; lastKnownFileType = folder.assetcatalog; path = Assets.xcassets; sourceTree = "<group>"; };
		551465911FA28A2900A154F0 /* Base */ = {isa = PBXFileReference; lastKnownFileType = file.storyboard; name = Base; path = Base.lproj/LaunchScreen.storyboard; sourceTree = "<group>"; };
		551465931FA28A2900A154F0 /* Info.plist */ = {isa = PBXFileReference; lastKnownFileType = text.plist.xml; path = Info.plist; sourceTree = "<group>"; };
/* End PBXFileReference section */

/* Begin PBXFrameworksBuildPhase section */
		551465811FA28A2900A154F0 /* Frameworks */ = {
			isa = PBXFrameworksBuildPhase;
			buildActionMask = 2147483647;
			files = (
			);
			runOnlyForDeploymentPostprocessing = 0;
		};
/* End PBXFrameworksBuildPhase section */

/* Begin PBXGroup section */
		5514657B1FA28A2800A154F0 = {
			isa = PBXGroup;
			children = (
				551465861FA28A2900A154F0 /* freezeapp */,
				551465851FA28A2900A154F0 /* Products */,
			);
			sourceTree = "<group>";
		};
		551465851FA28A2900A154F0 /* Products */ = {
			isa = PBXGroup;
			children = (
				551465841FA28A2900A154F0 /* freezeapp.app */,
			);
			name = Products;
			sourceTree = "<group>";
		};
		551465861FA28A2900A154F0 /* freezeapp */ = {
			isa = PBXGroup;
			children = (
				551465871FA28A2900A154F0 /* AppDelegate.swift */,
				551465891FA28A2900A154F0 /* ViewController.swift */,
				5514658B1FA28A2900A154F0 /* Main.storyboard */,
				5514658E1FA28A2900A154F0 /* Assets.xcassets */,
				551465901FA28A2900A154F0 /* LaunchScreen.storyboard */,
				551465931FA28A2900A154F0 /* Info.plist */,
			);
			path = freezeapp;
			sourceTree = "<group>";
		};
/* End PBXGroup section */

/* Begin PBXNativeTarget section */
		551465831FA28A2900A154F0 /* freezeapp */ = {
			isa = PBXNativeTarget;
			buildConfigurationList = 551465961FA28A2900A154F0 /* Build configuration list for PBXNativeTarget "freezeapp" */;
			buildPhases = (
				551465801FA28A2900A154F0 /* Sources */,
				551465811FA28A2900A154F0 /* Frameworks */,
				551465821FA28A2900A154F0 /* Resources */,
			);
			buildRules = (
			);
			dependencies = (
			);
			name = freezeapp;
			productName = freezeapp;
			productReference = 551465841FA28A2900A154F0 /* freezeapp.app */;
			productType = "com.apple.product-type.application";
		};
/* End PBXNativeTarget section */

/* Begin PBXProject section */
		5514657C1FA28A2800A154F0 /* Project object */ = {
			isa = PBXProject;
			attributes = {
				LastSwiftUpdateCheck = 0830;
				LastUpgradeCheck = 0830;
				ORGANIZATIONNAME = Akshayatech;
				TargetAttributes = {
					551465831FA28A2900A154F0 = {
						CreatedOnToolsVersion = 8.3.3;
						DevelopmentTeam = HFS5H296RG;
						ProvisioningStyle = Automatic;
					};
				};
			};
			buildConfigurationList = 5514657F1FA28A2800A154F0 /* Build configuration list for PBXProject "freezeapp" */;
			compatibilityVersion = "Xcode 3.2";
			developmentRegion = English;
			hasScannedForEncodings = 0;
			knownRegions = (
				en,
				Base,
			);
			mainGroup = 5514657B1FA28A2800A154F0;
			productRefGroup = 551465851FA28A2900A154F0 /* Products */;
			projectDirPath = "";
			projectRoot = "";
			targets = (
				551465831FA28A2900A154F0 /* freezeapp */,
			);
		};
/* End PBXProject section */

/* Begin PBXResourcesBuildPhase section */
		551465821FA28A2900A154F0 /* Resources */ = {
			isa = PBXResourcesBuildPhase;
			buildActionMask = 2147483647;
			files = (
				551465921FA28A2900A154F0 /* LaunchScreen.storyboard in Resources */,
				5514658F1FA28A2900A154F0 /* Assets.xcassets in Resources */,
				5514658D1FA28A2900A154F0 /* Main.storyboard in Resources */,
			);
			runOnlyForDeploymentPostprocessing = 0;
		};
/* End PBXResourcesBuildPhase section */

/* Begin PBXSourcesBuildPhase section */
		551465801FA28A2900A154F0 /* Sources */ = {
			isa = PBXSourcesBuildPhase;
			buildActionMask = 2147483647;
			files = (
				5514658A1FA28A2900A154F0 /* ViewController.swift in Sources */,
				551465881FA28A2900A154F0 /* AppDelegate.swift in Sources */,
			);
			runOnlyForDeploymentPostprocessing = 0;
		};
/* End PBXSourcesBuildPhase section */

/* Begin PBXVariantGroup section */
		5514658B1FA28A2900A154F0 /* Main.storyboard */ = {
			isa = PBXVariantGroup;
			children = (
				5514658C1FA28A2900A154F0 /* Base */,
			);
			name = Main.storyboard;
			sourceTree = "<group>";
		};
		551465901FA28A2900A154F0 /* LaunchScreen.storyboard */ = {
			isa = PBXVariantGroup;
			children = (
				551465911FA28A2900A154F0 /* Base */,
			);
			name = LaunchScreen.storyboard;
			sourceTree = "<group>";
		};
/* End PBXVariantGroup section */

/* Begin XCBuildConfiguration section */
		551465941FA28A2900A154F0 /* Debug */ = {
			isa = XCBuildConfiguration;
			buildSettings = {
				ALWAYS_SEARCH_USER_PATHS = NO;
				CLANG_ANALYZER_NONNULL = YES;
				CLANG_ANALYZER_NUMBER_OBJECT_CONVERSION = YES_AGGRESSIVE;
				CLANG_CXX_LANGUAGE_STANDARD = "gnu++0x";
				CLANG_CXX_LIBRARY = "libc++";
				CLANG_ENABLE_MODULES = YES;
				CLANG_ENABLE_OBJC_ARC = YES;
				CLANG_WARN_BOOL_CONVERSION = YES;
				CLANG_WARN_CONSTANT_CONVERSION = YES;
				CLANG_WARN_DIRECT_OBJC_ISA_USAGE = YES_ERROR;
				CLANG_WARN_DOCUMENTATION_COMMENTS = YES;
				CLANG_WARN_EMPTY_BODY = YES;
				CLANG_WARN_ENUM_CONVERSION = YES;
				CLANG_WARN_INFINITE_RECURSION = YES;
				CLANG_WARN_INT_CONVERSION = YES;
				CLANG_WARN_OBJC_ROOT_CLASS = YES_ERROR;
				CLANG_WARN_SUSPICIOUS_MOVE = YES;
				CLANG_WARN_UNREACHABLE_CODE = YES;
				CLANG_WARN__DUPLICATE_METHOD_MATCH = YES;
				"CODE_SIGN_IDENTITY[sdk=iphoneos*]" = "iPhone Developer";
				COPY_PHASE_STRIP = NO;
				DEBUG_INFORMATION_FORMAT = dwarf;
				ENABLE_STRICT_OBJC_MSGSEND = YES;
				ENABLE_TESTABILITY = YES;
				GCC_C_LANGUAGE_STANDARD = gnu99;
				GCC_DYNAMIC_NO_PIC = NO;
				GCC_NO_COMMON_BLOCKS = YES;
				GCC_OPTIMIZATION_LEVEL = 0;
				GCC_PREPROCESSOR_DEFINITIONS = (
					"DEBUG=1",
					"$(inherited)",
				);
				GCC_WARN_64_TO_32_BIT_CONVERSION = YES;
				GCC_WARN_ABOUT_RETURN_TYPE = YES_ERROR;
				GCC_WARN_UNDECLARED_SELECTOR = YES;
				GCC_WARN_UNINITIALIZED_AUTOS = YES_AGGRESSIVE;
				GCC_WARN_UNUSED_FUNCTION = YES;
				GCC_WARN_UNUSED_VARIABLE = YES;
				IPHONEOS_DEPLOYMENT_TARGET = 10.3;
				MTL_ENABLE_DEBUG_INFO = YES;
				ONLY_ACTIVE_ARCH = YES;
				SDKROOT = iphoneos;
				SWIFT_ACTIVE_COMPILATION_CONDITIONS = DEBUG;
				SWIFT_OPTIMIZATION_LEVEL = "-Onone";
				TARGETED_DEVICE_FAMILY = "1,2";
			};
			name = Debug;
		};
		551465951FA28A2900A154F0 /* Release */ = {
			isa = XCBuildConfiguration;
			buildSettings = {
				ALWAYS_SEARCH_USER_PATHS = NO;
				CLANG_ANALYZER_NONNULL = YES;
				CLANG_ANALYZER_NUMBER_OBJECT_CONVERSION = YES_AGGRESSIVE;
				CLANG_CXX_LANGUAGE_STANDARD = "gnu++0x";
				CLANG_CXX_LIBRARY = "libc++";
				CLANG_ENABLE_MODULES = YES;
				CLANG_ENABLE_OBJC_ARC = YES;
				CLANG_WARN_BOOL_CONVERSION = YES;
				CLANG_WARN_CONSTANT_CONVERSION = YES;
				CLANG_WARN_DIRECT_OBJC_ISA_USAGE = YES_ERROR;
				CLANG_WARN_DOCUMENTATION_COMMENTS = YES;
				CLANG_WARN_EMPTY_BODY = YES;
				CLANG_WARN_ENUM_CONVERSION = YES;
				CLANG_WARN_INFINITE_RECURSION = YES;
				CLANG_WARN_INT_CONVERSION = YES;
				CLANG_WARN_OBJC_ROOT_CLASS = YES_ERROR;
				CLANG_WARN_SUSPICIOUS_MOVE = YES;
				CLANG_WARN_UNREACHABLE_CODE = YES;
				CLANG_WARN__DUPLICATE_METHOD_MATCH = YES;
				"CODE_SIGN_IDENTITY[sdk=iphoneos*]" = "iPhone Developer";
				COPY_PHASE_STRIP = NO;
				DEBUG_INFORMATION_FORMAT = "dwarf-with-dsym";
				ENABLE_NS_ASSERTIONS = NO;
				ENABLE_STRICT_OBJC_MSGSEND = YES;
				GCC_C_LANGUAGE_STANDARD = gnu99;
				GCC_NO_COMMON_BLOCKS = YES;
				GCC_WARN_64_TO_32_BIT_CONVERSION = YES;
				GCC_WARN_ABOUT_RETURN_TYPE = YES_ERROR;
				GCC_WARN_UNDECLARED_SELECTOR = YES;
				GCC_WARN_UNINITIALIZED_AUTOS = YES_AGGRESSIVE;
				GCC_WARN_UNUSED_FUNCTION = YES;
				GCC_WARN_UNUSED_VARIABLE = YES;
				IPHONEOS_DEPLOYMENT_TARGET = 10.3;
				MTL_ENABLE_DEBUG_INFO = NO;
				SDKROOT = iphoneos;
				SWIFT_OPTIMIZATION_LEVEL = "-Owholemodule";
				TARGETED_DEVICE_FAMILY = "1,2";
				VALIDATE_PRODUCT = YES;
			};
			name = Release;
		};
		551465971FA28A2900A154F0 /* Debug */ = {
			isa = XCBuildConfiguration;
			buildSettings = {
				ASSETCATALOG_COMPILER_APPICON_NAME = AppIcon;
				DEVELOPMENT_TEAM = HFS5H296RG;
				INFOPLIST_FILE = freezeapp/Info.plist;
				LD_RUNPATH_SEARCH_PATHS = "$(inherited) @executable_path/Frameworks";
				PRODUCT_BUNDLE_IDENTIFIER = self.edu.freezeapp;
				PRODUCT_NAME = "$(TARGET_NAME)";
				SWIFT_VERSION = 3.0;
			};
			name = Debug;
		};
		551465981FA28A2900A154F0 /* Release */ = {
			isa = XCBuildConfiguration;
			buildSettings = {
				ASSETCATALOG_COMPILER_APPICON_NAME = AppIcon;
				DEVELOPMENT_TEAM = HFS5H296RG;
				INFOPLIST_FILE = freezeapp/Info.plist;
				LD_RUNPATH_SEARCH_PATHS = "$(inherited) @executable_path/Frameworks";
				PRODUCT_BUNDLE_IDENTIFIER = self.edu.freezeapp;
				PRODUCT_NAME = "$(TARGET_NAME)";
				SWIFT_VERSION = 3.0;
			};
			name = Release;
		};
/* End XCBuildConfiguration section */

/* Begin XCConfigurationList section */
		5514657F1FA28A2800A154F0 /* Build configuration list for PBXProject "freezeapp" */ = {
			isa = XCConfigurationList;
			buildConfigurations = (
				551465941FA28A2900A154F0 /* Debug */,
				551465951FA28A2900A154F0 /* Release */,
			);
			defaultConfigurationIsVisible = 0;
			defaultConfigurationName = Release;
		};
		551465961FA28A2900A154F0 /* Build configuration list for PBXNativeTarget "freezeapp" */ = {
			isa = XCConfigurationList;
			buildConfigurations = (
				551465971FA28A2900A154F0 /* Debug */,
				551465981FA28A2900A154F0 /* Release */,
			);
			defaultConfigurationIsVisible = 0;
		};
/* End XCConfigurationList section */
	};
	rootObject = 5514657C1FA28A2800A154F0 /* Project object */;
}
